
Microsoft Visual Studio Solution File, Format Version 12.00
# Visual Studio Version 17
VisualStudioVersion = 17.1.32210.238
MinimumVisualStudioVersion = 10.0.40219.1
Project("{FAE04EC0-301F-11D3-BF4B-00C04F79EFBC}") = "ConsoleApp11", "ConsoleApp11.csproj", "{7EBD41F0-080F-4E9F-887A-698EF4E77F1A}"
EndProject
Global
	GlobalSection(SolutionConfigurationPlatforms) = preSolution
		Debug|Any CPU = Debug|Any CPU
		Release|Any CPU = Release|Any CPU
	EndGlobalSection
	GlobalSection(ProjectConfigurationPlatforms) = postSolution
		{7EBD41F0-080F-4E9F-887A-698EF4E77F1A}.Debug|Any CPU.ActiveCfg = Debug|Any CPU
		{7EBD41F0-080F-4E9F-887A-698EF4E77F1A}.Debug|Any CPU.Build.0 = Debug|Any CPU
		{7EBD41F0-080F-4E9F-887A-698EF4E77F1A}.Release|Any CPU.ActiveCfg = Release|Any CPU
		{7EBD41F0-080F-4E9F-887A-698EF4E77F1A}.Release|Any CPU.Build.0 = Release|Any CPU
	EndGlobalSection
	GlobalSection(SolutionProperties) = preSolution
		HideSolutionNode = FALSE
	EndGlobalSection
	GlobalSection(ExtensibilityGlobals) = postSolution
		SolutionGuid = {A48E5F3A-9648-4BDA-8D59-B7FC5965910D}
	EndGlobalSection
EndGlobal
